{
	archiveVersion = 1;
	objectVersion = 56;
	classes = {
	};
	objects = {
/* Begin PBXBuildFile section */
		0000000000000000004B1212 /* AppConfiguration.swift in Sources */ = {isa = PBXBuildFile; fileRef = 0000000000000000004B1211 /* AppConfiguration.swift */; };
		0000000000000000004B1214 /* AppDelegate.swift in Sources */ = {isa = PBXBuildFile; fileRef = 0000000000000000004B1213 /* AppDelegate.swift */; };
		0000000000000000004B1216 /* GameViewController.swift in Sources */ = {isa = PBXBuildFile; fileRef = 0000000000000000004B1215 /* GameViewController.swift */; };
		0000000000000000004B1219 /* AudioBus.swift in Sources */ = {isa = PBXBuildFile; fileRef = 0000000000000000004B1218 /* AudioBus.swift */; };
		0000000000000000004B121B /* AudioDirector.swift in Sources */ = {isa = PBXBuildFile; fileRef = 0000000000000000004B121A /* AudioDirector.swift */; };
		0000000000000000004B121D /* ProceduralSFX.swift in Sources */ = {isa = PBXBuildFile; fileRef = 0000000000000000004B121C /* ProceduralSFX.swift */; };
		0000000000000000004B1220 /* GameCoordinator.swift in Sources */ = {isa = PBXBuildFile; fileRef = 0000000000000000004B121F /* GameCoordinator.swift */; };
		0000000000000000004B1222 /* GameState.swift in Sources */ = {isa = PBXBuildFile; fileRef = 0000000000000000004B1221 /* GameState.swift */; };
		0000000000000000004B1224 /* SceneRouter.swift in Sources */ = {isa = PBXBuildFile; fileRef = 0000000000000000004B1223 /* SceneRouter.swift */; };
		0000000000000000004B1226 /* TimeService.swift in Sources */ = {isa = PBXBuildFile; fileRef = 0000000000000000004B1225 /* TimeService.swift */; };
		0000000000000000004B1229 /* Easing.swift in Sources */ = {isa = PBXBuildFile; fileRef = 0000000000000000004B1228 /* Easing.swift */; };
		0000000000000000004B122B /* Math2D.swift in Sources */ = {isa = PBXBuildFile; fileRef = 0000000000000000004B122A /* Math2D.swift */; };
		0000000000000000004B122D /* Noise.swift in Sources */ = {isa = PBXBuildFile; fileRef = 0000000000000000004B122C /* Noise.swift */; };
		0000000000000000004B1230 /* Extensions.swift in Sources */ = {isa = PBXBuildFile; fileRef = 0000000000000000004B122F /* Extensions.swift */; };
		0000000000000000004B1232 /* Logger.swift in Sources */ = {isa = PBXBuildFile; fileRef = 0000000000000000004B1231 /* Logger.swift */; };
		0000000000000000004B1235 /* BalanceConfig.swift in Sources */ = {isa = PBXBuildFile; fileRef = 0000000000000000004B1234 /* BalanceConfig.swift */; };
		0000000000000000004B1237 /* GameSettings.swift in Sources */ = {isa = PBXBuildFile; fileRef = 0000000000000000004B1236 /* GameSettings.swift */; };
		0000000000000000004B1239 /* KIRConstants.swift in Sources */ = {isa = PBXBuildFile; fileRef = 0000000000000000004B1238 /* KIRConstants.swift */; };
		0000000000000000004B123B /* SaveSystem.swift in Sources */ = {isa = PBXBuildFile; fileRef = 0000000000000000004B123A /* SaveSystem.swift */; };
		0000000000000000004B123E /* LevelDefinition.swift in Sources */ = {isa = PBXBuildFile; fileRef = 0000000000000000004B123D /* LevelDefinition.swift */; };
		0000000000000000004B1241 /* DebugOverlay.swift in Sources */ = {isa = PBXBuildFile; fileRef = 0000000000000000004B1240 /* DebugOverlay.swift */; };
		0000000000000000004B1245 /* CameraController.swift in Sources */ = {isa = PBXBuildFile; fileRef = 0000000000000000004B1244 /* CameraController.swift */; };
		0000000000000000004B1248 /* EnvironmentalHazards.swift in Sources */ = {isa = PBXBuildFile; fileRef = 0000000000000000004B1247 /* EnvironmentalHazards.swift */; };
		0000000000000000004B124A /* PatrolDrone.swift in Sources */ = {isa = PBXBuildFile; fileRef = 0000000000000000004B1249 /* PatrolDrone.swift */; };
		0000000000000000004B124C /* PressureWave.swift in Sources */ = {isa = PBXBuildFile; fileRef = 0000000000000000004B124B /* PressureWave.swift */; };
		0000000000000000004B124F /* CheckpointManager.swift in Sources */ = {isa = PBXBuildFile; fileRef = 0000000000000000004B124E /* CheckpointManager.swift */; };
		0000000000000000004B1251 /* LevelLoader.swift in Sources */ = {isa = PBXBuildFile; fileRef = 0000000000000000004B1250 /* LevelLoader.swift */; };
		0000000000000000004B1253 /* LevelManager.swift in Sources */ = {isa = PBXBuildFile; fileRef = 0000000000000000004B1252 /* LevelManager.swift */; };
		0000000000000000004B1255 /* TransitionManager.swift in Sources */ = {isa = PBXBuildFile; fileRef = 0000000000000000004B1254 /* TransitionManager.swift */; };
		0000000000000000004B1258 /* PlayerAnimator.swift in Sources */ = {isa = PBXBuildFile; fileRef = 0000000000000000004B1257 /* PlayerAnimator.swift */; };
		0000000000000000004B125A /* PlayerController.swift in Sources */ = {isa = PBXBuildFile; fileRef = 0000000000000000004B1259 /* PlayerController.swift */; };
		0000000000000000004B125C /* PlayerInteraction.swift in Sources */ = {isa = PBXBuildFile; fileRef = 0000000000000000004B125B /* PlayerInteraction.swift */; };
		0000000000000000004B125E /* PlayerMovement.swift in Sources */ = {isa = PBXBuildFile; fileRef = 0000000000000000004B125D /* PlayerMovement.swift */; };
		0000000000000000004B1260 /* PlayerNode.swift in Sources */ = {isa = PBXBuildFile; fileRef = 0000000000000000004B125F /* PlayerNode.swift */; };
		0000000000000000004B1262 /* PlayerState.swift in Sources */ = {isa = PBXBuildFile; fileRef = 0000000000000000004B1261 /* PlayerState.swift */; };
		0000000000000000004B1265 /* ResonanceFrequency.swift in Sources */ = {isa = PBXBuildFile; fileRef = 0000000000000000004B1264 /* ResonanceFrequency.swift */; };
		0000000000000000004B1267 /* ResonancePulse.swift in Sources */ = {isa = PBXBuildFile; fileRef = 0000000000000000004B1266 /* ResonancePulse.swift */; };
		0000000000000000004B1269 /* ResonanceReactive.swift in Sources */ = {isa = PBXBuildFile; fileRef = 0000000000000000004B1268 /* ResonanceReactive.swift */; };
		0000000000000000004B126B /* ResonanceSystem.swift in Sources */ = {isa = PBXBuildFile; fileRef = 0000000000000000004B126A /* ResonanceSystem.swift */; };
		0000000000000000004B126D /* ResonanceVisuals.swift in Sources */ = {isa = PBXBuildFile; fileRef = 0000000000000000004B126C /* ResonanceVisuals.swift */; };
		0000000000000000004B1270 /* StoryBeatSystem.swift in Sources */ = {isa = PBXBuildFile; fileRef = 0000000000000000004B126F /* StoryBeatSystem.swift */; };
		0000000000000000004B1273 /* CheckpointBeacon.swift in Sources */ = {isa = PBXBuildFile; fileRef = 0000000000000000004B1272 /* CheckpointBeacon.swift */; };
		0000000000000000004B1275 /* CounterweightNode.swift in Sources */ = {isa = PBXBuildFile; fileRef = 0000000000000000004B1274 /* CounterweightNode.swift */; };
		0000000000000000004B1277 /* DoorNode.swift in Sources */ = {isa = PBXBuildFile; fileRef = 0000000000000000004B1276 /* DoorNode.swift */; };
		0000000000000000004B1279 /* InteractiveObject.swift in Sources */ = {isa = PBXBuildFile; fileRef = 0000000000000000004B1278 /* InteractiveObject.swift */; };
		0000000000000000004B127B /* LevelExitNode.swift in Sources */ = {isa = PBXBuildFile; fileRef = 0000000000000000004B127A /* LevelExitNode.swift */; };
		0000000000000000004B127D /* MirrorNode.swift in Sources */ = {isa = PBXBuildFile; fileRef = 0000000000000000004B127C /* MirrorNode.swift */; };
		0000000000000000004B127F /* PlatformNode.swift in Sources */ = {isa = PBXBuildFile; fileRef = 0000000000000000004B127E /* PlatformNode.swift */; };
		0000000000000000004B1281 /* ReceiverNode.swift in Sources */ = {isa = PBXBuildFile; fileRef = 0000000000000000004B1280 /* ReceiverNode.swift */; };
		0000000000000000004B1283 /* ResonanceBridgeNode.swift in Sources */ = {isa = PBXBuildFile; fileRef = 0000000000000000004B1282 /* ResonanceBridgeNode.swift */; };
		0000000000000000004B1285 /* ValveNode.swift in Sources */ = {isa = PBXBuildFile; fileRef = 0000000000000000004B1284 /* ValveNode.swift */; };
		0000000000000000004B1287 /* WaterNode.swift in Sources */ = {isa = PBXBuildFile; fileRef = 0000000000000000004B1286 /* WaterNode.swift */; };
		0000000000000000004B128A /* HapticDirector.swift in Sources */ = {isa = PBXBuildFile; fileRef = 0000000000000000004B1289 /* HapticDirector.swift */; };
		0000000000000000004B128D /* InputState.swift in Sources */ = {isa = PBXBuildFile; fileRef = 0000000000000000004B128C /* InputState.swift */; };
		0000000000000000004B128F /* KeyboardInput.swift in Sources */ = {isa = PBXBuildFile; fileRef = 0000000000000000004B128E /* KeyboardInput.swift */; };
		0000000000000000004B1291 /* TouchControls.swift in Sources */ = {isa = PBXBuildFile; fileRef = 0000000000000000004B1290 /* TouchControls.swift */; };
		0000000000000000004B1294 /* Assets.xcassets in Resources */ = {isa = PBXBuildFile; fileRef = 0000000000000000004B1293 /* Assets.xcassets */; };
		0000000000000000004B1298 /* GameplayBalance.json in Resources */ = {isa = PBXBuildFile; fileRef = 0000000000000000004B1297 /* GameplayBalance.json */; };
		0000000000000000004B129B /* L01_Arrival.json in Resources */ = {isa = PBXBuildFile; fileRef = 0000000000000000004B129A /* L01_Arrival.json */; };
		0000000000000000004B129D /* L02_Intake.json in Resources */ = {isa = PBXBuildFile; fileRef = 0000000000000000004B129C /* L02_Intake.json */; };
		0000000000000000004B129F /* L03_BellowHall.json in Resources */ = {isa = PBXBuildFile; fileRef = 0000000000000000004B129E /* L03_BellowHall.json */; };
		0000000000000000004B12A1 /* L04_OrchardEdge.json in Resources */ = {isa = PBXBuildFile; fileRef = 0000000000000000004B12A0 /* L04_OrchardEdge.json */; };
		0000000000000000004B12A3 /* L05_CounterweightHouse.json in Resources */ = {isa = PBXBuildFile; fileRef = 0000000000000000004B12A2 /* L05_CounterweightHouse.json */; };
		0000000000000000004B12A5 /* L06_PressureGallery.json in Resources */ = {isa = PBXBuildFile; fileRef = 0000000000000000004B12A4 /* L06_PressureGallery.json */; };
		0000000000000000004B12A7 /* L07_FloodChamber.json in Resources */ = {isa = PBXBuildFile; fileRef = 0000000000000000004B12A6 /* L07_FloodChamber.json */; };
		0000000000000000004B12A9 /* L08_SiltTunnels.json in Resources */ = {isa = PBXBuildFile; fileRef = 0000000000000000004B12A8 /* L08_SiltTunnels.json */; };
		0000000000000000004B12AB /* L09_MirrorBasin.json in Resources */ = {isa = PBXBuildFile; fileRef = 0000000000000000004B12AA /* L09_MirrorBasin.json */; };
		0000000000000000004B12AD /* L10_QuietEngine.json in Resources */ = {isa = PBXBuildFile; fileRef = 0000000000000000004B12AC /* L10_QuietEngine.json */; };
		0000000000000000004B12B0 /* GameScene.swift in Sources */ = {isa = PBXBuildFile; fileRef = 0000000000000000004B12AF /* GameScene.swift */; };
		0000000000000000004B12B3 /* ChapterCardScene.swift in Sources */ = {isa = PBXBuildFile; fileRef = 0000000000000000004B12B2 /* ChapterCardScene.swift */; };
		0000000000000000004B12B5 /* CreditsScene.swift in Sources */ = {isa = PBXBuildFile; fileRef = 0000000000000000004B12B4 /* CreditsScene.swift */; };
		0000000000000000004B12B7 /* EndingScene.swift in Sources */ = {isa = PBXBuildFile; fileRef = 0000000000000000004B12B6 /* EndingScene.swift */; };
		0000000000000000004B12B9 /* MainMenuScene.swift in Sources */ = {isa = PBXBuildFile; fileRef = 0000000000000000004B12B8 /* MainMenuScene.swift */; };
		0000000000000000004B12BB /* PauseOverlay.swift in Sources */ = {isa = PBXBuildFile; fileRef = 0000000000000000004B12BA /* PauseOverlay.swift */; };
		0000000000000000004B12BD /* SettingsOverlay.swift in Sources */ = {isa = PBXBuildFile; fileRef = 0000000000000000004B12BC /* SettingsOverlay.swift */; };
		0000000000000000004B12C0 /* HUDController.swift in Sources */ = {isa = PBXBuildFile; fileRef = 0000000000000000004B12BF /* HUDController.swift */; };
/* End PBXBuildFile section */

/* Begin PBXFileReference section */
		0000000000000000004B1211 /* AppConfiguration.swift */ = {isa = PBXFileReference; fileEncoding = 4; lastKnownFileType = sourcecode.swift; name = AppConfiguration.swift; path = AppConfiguration.swift; sourceTree = "<group>"; };
		0000000000000000004B1213 /* AppDelegate.swift */ = {isa = PBXFileReference; fileEncoding = 4; lastKnownFileType = sourcecode.swift; name = AppDelegate.swift; path = AppDelegate.swift; sourceTree = "<group>"; };
		0000000000000000004B1215 /* GameViewController.swift */ = {isa = PBXFileReference; fileEncoding = 4; lastKnownFileType = sourcecode.swift; name = GameViewController.swift; path = GameViewController.swift; sourceTree = "<group>"; };
		0000000000000000004B1218 /* AudioBus.swift */ = {isa = PBXFileReference; fileEncoding = 4; lastKnownFileType = sourcecode.swift; name = AudioBus.swift; path = AudioBus.swift; sourceTree = "<group>"; };
		0000000000000000004B121A /* AudioDirector.swift */ = {isa = PBXFileReference; fileEncoding = 4; lastKnownFileType = sourcecode.swift; name = AudioDirector.swift; path = AudioDirector.swift; sourceTree = "<group>"; };
		0000000000000000004B121C /* ProceduralSFX.swift */ = {isa = PBXFileReference; fileEncoding = 4; lastKnownFileType = sourcecode.swift; name = ProceduralSFX.swift; path = ProceduralSFX.swift; sourceTree = "<group>"; };
		0000000000000000004B121F /* GameCoordinator.swift */ = {isa = PBXFileReference; fileEncoding = 4; lastKnownFileType = sourcecode.swift; name = GameCoordinator.swift; path = GameCoordinator.swift; sourceTree = "<group>"; };
		0000000000000000004B1221 /* GameState.swift */ = {isa = PBXFileReference; fileEncoding = 4; lastKnownFileType = sourcecode.swift; name = GameState.swift; path = GameState.swift; sourceTree = "<group>"; };
		0000000000000000004B1223 /* SceneRouter.swift */ = {isa = PBXFileReference; fileEncoding = 4; lastKnownFileType = sourcecode.swift; name = SceneRouter.swift; path = SceneRouter.swift; sourceTree = "<group>"; };
		0000000000000000004B1225 /* TimeService.swift */ = {isa = PBXFileReference; fileEncoding = 4; lastKnownFileType = sourcecode.swift; name = TimeService.swift; path = TimeService.swift; sourceTree = "<group>"; };
		0000000000000000004B1228 /* Easing.swift */ = {isa = PBXFileReference; fileEncoding = 4; lastKnownFileType = sourcecode.swift; name = Easing.swift; path = Easing.swift; sourceTree = "<group>"; };
		0000000000000000004B122A /* Math2D.swift */ = {isa = PBXFileReference; fileEncoding = 4; lastKnownFileType = sourcecode.swift; name = Math2D.swift; path = Math2D.swift; sourceTree = "<group>"; };
		0000000000000000004B122C /* Noise.swift */ = {isa = PBXFileReference; fileEncoding = 4; lastKnownFileType = sourcecode.swift; name = Noise.swift; path = Noise.swift; sourceTree = "<group>"; };
		0000000000000000004B122F /* Extensions.swift */ = {isa = PBXFileReference; fileEncoding = 4; lastKnownFileType = sourcecode.swift; name = Extensions.swift; path = Extensions.swift; sourceTree = "<group>"; };
		0000000000000000004B1231 /* Logger.swift */ = {isa = PBXFileReference; fileEncoding = 4; lastKnownFileType = sourcecode.swift; name = Logger.swift; path = Logger.swift; sourceTree = "<group>"; };
		0000000000000000004B1234 /* BalanceConfig.swift */ = {isa = PBXFileReference; fileEncoding = 4; lastKnownFileType = sourcecode.swift; name = BalanceConfig.swift; path = BalanceConfig.swift; sourceTree = "<group>"; };
		0000000000000000004B1236 /* GameSettings.swift */ = {isa = PBXFileReference; fileEncoding = 4; lastKnownFileType = sourcecode.swift; name = GameSettings.swift; path = GameSettings.swift; sourceTree = "<group>"; };
		0000000000000000004B1238 /* KIRConstants.swift */ = {isa = PBXFileReference; fileEncoding = 4; lastKnownFileType = sourcecode.swift; name = KIRConstants.swift; path = KIRConstants.swift; sourceTree = "<group>"; };
		0000000000000000004B123A /* SaveSystem.swift */ = {isa = PBXFileReference; fileEncoding = 4; lastKnownFileType = sourcecode.swift; name = SaveSystem.swift; path = SaveSystem.swift; sourceTree = "<group>"; };
		0000000000000000004B123D /* LevelDefinition.swift */ = {isa = PBXFileReference; fileEncoding = 4; lastKnownFileType = sourcecode.swift; name = LevelDefinition.swift; path = LevelDefinition.swift; sourceTree = "<group>"; };
		0000000000000000004B1240 /* DebugOverlay.swift */ = {isa = PBXFileReference; fileEncoding = 4; lastKnownFileType = sourcecode.swift; name = DebugOverlay.swift; path = DebugOverlay.swift; sourceTree = "<group>"; };
		0000000000000000004B1244 /* CameraController.swift */ = {isa = PBXFileReference; fileEncoding = 4; lastKnownFileType = sourcecode.swift; name = CameraController.swift; path = CameraController.swift; sourceTree = "<group>"; };
		0000000000000000004B1247 /* EnvironmentalHazards.swift */ = {isa = PBXFileReference; fileEncoding = 4; lastKnownFileType = sourcecode.swift; name = EnvironmentalHazards.swift; path = EnvironmentalHazards.swift; sourceTree = "<group>"; };
		0000000000000000004B1249 /* PatrolDrone.swift */ = {isa = PBXFileReference; fileEncoding = 4; lastKnownFileType = sourcecode.swift; name = PatrolDrone.swift; path = PatrolDrone.swift; sourceTree = "<group>"; };
		0000000000000000004B124B /* PressureWave.swift */ = {isa = PBXFileReference; fileEncoding = 4; lastKnownFileType = sourcecode.swift; name = PressureWave.swift; path = PressureWave.swift; sourceTree = "<group>"; };
		0000000000000000004B124E /* CheckpointManager.swift */ = {isa = PBXFileReference; fileEncoding = 4; lastKnownFileType = sourcecode.swift; name = CheckpointManager.swift; path = CheckpointManager.swift; sourceTree = "<group>"; };
		0000000000000000004B1250 /* LevelLoader.swift */ = {isa = PBXFileReference; fileEncoding = 4; lastKnownFileType = sourcecode.swift; name = LevelLoader.swift; path = LevelLoader.swift; sourceTree = "<group>"; };
		0000000000000000004B1252 /* LevelManager.swift */ = {isa = PBXFileReference; fileEncoding = 4; lastKnownFileType = sourcecode.swift; name = LevelManager.swift; path = LevelManager.swift; sourceTree = "<group>"; };
		0000000000000000004B1254 /* TransitionManager.swift */ = {isa = PBXFileReference; fileEncoding = 4; lastKnownFileType = sourcecode.swift; name = TransitionManager.swift; path = TransitionManager.swift; sourceTree = "<group>"; };
		0000000000000000004B1257 /* PlayerAnimator.swift */ = {isa = PBXFileReference; fileEncoding = 4; lastKnownFileType = sourcecode.swift; name = PlayerAnimator.swift; path = PlayerAnimator.swift; sourceTree = "<group>"; };
		0000000000000000004B1259 /* PlayerController.swift */ = {isa = PBXFileReference; fileEncoding = 4; lastKnownFileType = sourcecode.swift; name = PlayerController.swift; path = PlayerController.swift; sourceTree = "<group>"; };
		0000000000000000004B125B /* PlayerInteraction.swift */ = {isa = PBXFileReference; fileEncoding = 4; lastKnownFileType = sourcecode.swift; name = PlayerInteraction.swift; path = PlayerInteraction.swift; sourceTree = "<group>"; };
		0000000000000000004B125D /* PlayerMovement.swift */ = {isa = PBXFileReference; fileEncoding = 4; lastKnownFileType = sourcecode.swift; name = PlayerMovement.swift; path = PlayerMovement.swift; sourceTree = "<group>"; };
		0000000000000000004B125F /* PlayerNode.swift */ = {isa = PBXFileReference; fileEncoding = 4; lastKnownFileType = sourcecode.swift; name = PlayerNode.swift; path = PlayerNode.swift; sourceTree = "<group>"; };
		0000000000000000004B1261 /* PlayerState.swift */ = {isa = PBXFileReference; fileEncoding = 4; lastKnownFileType = sourcecode.swift; name = PlayerState.swift; path = PlayerState.swift; sourceTree = "<group>"; };
		0000000000000000004B1264 /* ResonanceFrequency.swift */ = {isa = PBXFileReference; fileEncoding = 4; lastKnownFileType = sourcecode.swift; name = ResonanceFrequency.swift; path = ResonanceFrequency.swift; sourceTree = "<group>"; };
		0000000000000000004B1266 /* ResonancePulse.swift */ = {isa = PBXFileReference; fileEncoding = 4; lastKnownFileType = sourcecode.swift; name = ResonancePulse.swift; path = ResonancePulse.swift; sourceTree = "<group>"; };
		0000000000000000004B1268 /* ResonanceReactive.swift */ = {isa = PBXFileReference; fileEncoding = 4; lastKnownFileType = sourcecode.swift; name = ResonanceReactive.swift; path = ResonanceReactive.swift; sourceTree = "<group>"; };
		0000000000000000004B126A /* ResonanceSystem.swift */ = {isa = PBXFileReference; fileEncoding = 4; lastKnownFileType = sourcecode.swift; name = ResonanceSystem.swift; path = ResonanceSystem.swift; sourceTree = "<group>"; };
		0000000000000000004B126C /* ResonanceVisuals.swift */ = {isa = PBXFileReference; fileEncoding = 4; lastKnownFileType = sourcecode.swift; name = ResonanceVisuals.swift; path = ResonanceVisuals.swift; sourceTree = "<group>"; };
		0000000000000000004B126F /* StoryBeatSystem.swift */ = {isa = PBXFileReference; fileEncoding = 4; lastKnownFileType = sourcecode.swift; name = StoryBeatSystem.swift; path = StoryBeatSystem.swift; sourceTree = "<group>"; };
		0000000000000000004B1272 /* CheckpointBeacon.swift */ = {isa = PBXFileReference; fileEncoding = 4; lastKnownFileType = sourcecode.swift; name = CheckpointBeacon.swift; path = CheckpointBeacon.swift; sourceTree = "<group>"; };
		0000000000000000004B1274 /* CounterweightNode.swift */ = {isa = PBXFileReference; fileEncoding = 4; lastKnownFileType = sourcecode.swift; name = CounterweightNode.swift; path = CounterweightNode.swift; sourceTree = "<group>"; };
		0000000000000000004B1276 /* DoorNode.swift */ = {isa = PBXFileReference; fileEncoding = 4; lastKnownFileType = sourcecode.swift; name = DoorNode.swift; path = DoorNode.swift; sourceTree = "<group>"; };
		0000000000000000004B1278 /* InteractiveObject.swift */ = {isa = PBXFileReference; fileEncoding = 4; lastKnownFileType = sourcecode.swift; name = InteractiveObject.swift; path = InteractiveObject.swift; sourceTree = "<group>"; };
		0000000000000000004B127A /* LevelExitNode.swift */ = {isa = PBXFileReference; fileEncoding = 4; lastKnownFileType = sourcecode.swift; name = LevelExitNode.swift; path = LevelExitNode.swift; sourceTree = "<group>"; };
		0000000000000000004B127C /* MirrorNode.swift */ = {isa = PBXFileReference; fileEncoding = 4; lastKnownFileType = sourcecode.swift; name = MirrorNode.swift; path = MirrorNode.swift; sourceTree = "<group>"; };
		0000000000000000004B127E /* PlatformNode.swift */ = {isa = PBXFileReference; fileEncoding = 4; lastKnownFileType = sourcecode.swift; name = PlatformNode.swift; path = PlatformNode.swift; sourceTree = "<group>"; };
		0000000000000000004B1280 /* ReceiverNode.swift */ = {isa = PBXFileReference; fileEncoding = 4; lastKnownFileType = sourcecode.swift; name = ReceiverNode.swift; path = ReceiverNode.swift; sourceTree = "<group>"; };
		0000000000000000004B1282 /* ResonanceBridgeNode.swift */ = {isa = PBXFileReference; fileEncoding = 4; lastKnownFileType = sourcecode.swift; name = ResonanceBridgeNode.swift; path = ResonanceBridgeNode.swift; sourceTree = "<group>"; };
		0000000000000000004B1284 /* ValveNode.swift */ = {isa = PBXFileReference; fileEncoding = 4; lastKnownFileType = sourcecode.swift; name = ValveNode.swift; path = ValveNode.swift; sourceTree = "<group>"; };
		0000000000000000004B1286 /* WaterNode.swift */ = {isa = PBXFileReference; fileEncoding = 4; lastKnownFileType = sourcecode.swift; name = WaterNode.swift; path = WaterNode.swift; sourceTree = "<group>"; };
		0000000000000000004B1289 /* HapticDirector.swift */ = {isa = PBXFileReference; fileEncoding = 4; lastKnownFileType = sourcecode.swift; name = HapticDirector.swift; path = HapticDirector.swift; sourceTree = "<group>"; };
		0000000000000000004B128C /* InputState.swift */ = {isa = PBXFileReference; fileEncoding = 4; lastKnownFileType = sourcecode.swift; name = InputState.swift; path = InputState.swift; sourceTree = "<group>"; };
		0000000000000000004B128E /* KeyboardInput.swift */ = {isa = PBXFileReference; fileEncoding = 4; lastKnownFileType = sourcecode.swift; name = KeyboardInput.swift; path = KeyboardInput.swift; sourceTree = "<group>"; };
		0000000000000000004B1290 /* TouchControls.swift */ = {isa = PBXFileReference; fileEncoding = 4; lastKnownFileType = sourcecode.swift; name = TouchControls.swift; path = TouchControls.swift; sourceTree = "<group>"; };
		0000000000000000004B1293 /* Assets.xcassets */ = {isa = PBXFileReference; fileEncoding = 4; lastKnownFileType = folder.assetcatalog; name = Assets.xcassets; path = Assets.xcassets; sourceTree = "<group>"; };
		0000000000000000004B1295 /* Info.plist */ = {isa = PBXFileReference; fileEncoding = 4; lastKnownFileType = text.plist.xml; name = Info.plist; path = Info.plist; sourceTree = "<group>"; };
		0000000000000000004B1297 /* GameplayBalance.json */ = {isa = PBXFileReference; fileEncoding = 4; lastKnownFileType = text.json; name = GameplayBalance.json; path = GameplayBalance.json; sourceTree = "<group>"; };
		0000000000000000004B129A /* L01_Arrival.json */ = {isa = PBXFileReference; fileEncoding = 4; lastKnownFileType = text.json; name = L01_Arrival.json; path = L01_Arrival.json; sourceTree = "<group>"; };
		0000000000000000004B129C /* L02_Intake.json */ = {isa = PBXFileReference; fileEncoding = 4; lastKnownFileType = text.json; name = L02_Intake.json; path = L02_Intake.json; sourceTree = "<group>"; };
		0000000000000000004B129E /* L03_BellowHall.json */ = {isa = PBXFileReference; fileEncoding = 4; lastKnownFileType = text.json; name = L03_BellowHall.json; path = L03_BellowHall.json; sourceTree = "<group>"; };
		0000000000000000004B12A0 /* L04_OrchardEdge.json */ = {isa = PBXFileReference; fileEncoding = 4; lastKnownFileType = text.json; name = L04_OrchardEdge.json; path = L04_OrchardEdge.json; sourceTree = "<group>"; };
		0000000000000000004B12A2 /* L05_CounterweightHouse.json */ = {isa = PBXFileReference; fileEncoding = 4; lastKnownFileType = text.json; name = L05_CounterweightHouse.json; path = L05_CounterweightHouse.json; sourceTree = "<group>"; };
		0000000000000000004B12A4 /* L06_PressureGallery.json */ = {isa = PBXFileReference; fileEncoding = 4; lastKnownFileType = text.json; name = L06_PressureGallery.json; path = L06_PressureGallery.json; sourceTree = "<group>"; };
		0000000000000000004B12A6 /* L07_FloodChamber.json */ = {isa = PBXFileReference; fileEncoding = 4; lastKnownFileType = text.json; name = L07_FloodChamber.json; path = L07_FloodChamber.json; sourceTree = "<group>"; };
		0000000000000000004B12A8 /* L08_SiltTunnels.json */ = {isa = PBXFileReference; fileEncoding = 4; lastKnownFileType = text.json; name = L08_SiltTunnels.json; path = L08_SiltTunnels.json; sourceTree = "<group>"; };
		0000000000000000004B12AA /* L09_MirrorBasin.json */ = {isa = PBXFileReference; fileEncoding = 4; lastKnownFileType = text.json; name = L09_MirrorBasin.json; path = L09_MirrorBasin.json; sourceTree = "<group>"; };
		0000000000000000004B12AC /* L10_QuietEngine.json */ = {isa = PBXFileReference; fileEncoding = 4; lastKnownFileType = text.json; name = L10_QuietEngine.json; path = L10_QuietEngine.json; sourceTree = "<group>"; };
		0000000000000000004B12AF /* GameScene.swift */ = {isa = PBXFileReference; fileEncoding = 4; lastKnownFileType = sourcecode.swift; name = GameScene.swift; path = GameScene.swift; sourceTree = "<group>"; };
		0000000000000000004B12B2 /* ChapterCardScene.swift */ = {isa = PBXFileReference; fileEncoding = 4; lastKnownFileType = sourcecode.swift; name = ChapterCardScene.swift; path = ChapterCardScene.swift; sourceTree = "<group>"; };
		0000000000000000004B12B4 /* CreditsScene.swift */ = {isa = PBXFileReference; fileEncoding = 4; lastKnownFileType = sourcecode.swift; name = CreditsScene.swift; path = CreditsScene.swift; sourceTree = "<group>"; };
		0000000000000000004B12B6 /* EndingScene.swift */ = {isa = PBXFileReference; fileEncoding = 4; lastKnownFileType = sourcecode.swift; name = EndingScene.swift; path = EndingScene.swift; sourceTree = "<group>"; };
		0000000000000000004B12B8 /* MainMenuScene.swift */ = {isa = PBXFileReference; fileEncoding = 4; lastKnownFileType = sourcecode.swift; name = MainMenuScene.swift; path = MainMenuScene.swift; sourceTree = "<group>"; };
		0000000000000000004B12BA /* PauseOverlay.swift */ = {isa = PBXFileReference; fileEncoding = 4; lastKnownFileType = sourcecode.swift; name = PauseOverlay.swift; path = PauseOverlay.swift; sourceTree = "<group>"; };
		0000000000000000004B12BC /* SettingsOverlay.swift */ = {isa = PBXFileReference; fileEncoding = 4; lastKnownFileType = sourcecode.swift; name = SettingsOverlay.swift; path = SettingsOverlay.swift; sourceTree = "<group>"; };
		0000000000000000004B12BF /* HUDController.swift */ = {isa = PBXFileReference; fileEncoding = 4; lastKnownFileType = sourcecode.swift; name = HUDController.swift; path = HUDController.swift; sourceTree = "<group>"; };
		0000000000000000004B12C1 /* README.md */ = {isa = PBXFileReference; fileEncoding = 4; lastKnownFileType = text; name = README.md; path = README.md; sourceTree = "<group>"; };
		0000000000000000004B12C2 /* build.sh */ = {isa = PBXFileReference; fileEncoding = 4; lastKnownFileType = shell.script; name = build.sh; path = build.sh; sourceTree = "<group>"; };
		0000000000000000004B12C3 /* project.yml */ = {isa = PBXFileReference; fileEncoding = 4; lastKnownFileType = text.yaml; name = project.yml; path = project.yml; sourceTree = "<group>"; };
		0000000000000000004B12C4 /* .gitignore */ = {isa = PBXFileReference; fileEncoding = 4; lastKnownFileType = text; name = .gitignore; path = .gitignore; sourceTree = "<group>"; };
		0000000000000000004B120A /* ProjectKIR.app */ = {isa = PBXFileReference; explicitFileType = wrapper.application; includeInIndex = 0; path = ProjectKIR.app; sourceTree = BUILT_PRODUCTS_DIR; };
/* End PBXFileReference section */

/* Begin PBXGroup section */
		0000000000000000004B1210 /* App */ = {
			isa = PBXGroup;
			children = (
				0000000000000000004B1211 /* AppConfiguration.swift */,
				0000000000000000004B1213 /* AppDelegate.swift */,
				0000000000000000004B1215 /* GameViewController.swift */
			);
			name = App;
			path = App;
			sourceTree = "<group>";
		};
		0000000000000000004B1217 /* Audio */ = {
			isa = PBXGroup;
			children = (
				0000000000000000004B1218 /* AudioBus.swift */,
				0000000000000000004B121A /* AudioDirector.swift */,
				0000000000000000004B121C /* ProceduralSFX.swift */
			);
			name = Audio;
			path = Audio;
			sourceTree = "<group>";
		};
		0000000000000000004B1227 /* Math */ = {
			isa = PBXGroup;
			children = (
				0000000000000000004B1228 /* Easing.swift */,
				0000000000000000004B122A /* Math2D.swift */,
				0000000000000000004B122C /* Noise.swift */
			);
			name = Math;
			path = Math;
			sourceTree = "<group>";
		};
		0000000000000000004B122E /* Utilities */ = {
			isa = PBXGroup;
			children = (
				0000000000000000004B122F /* Extensions.swift */,
				0000000000000000004B1231 /* Logger.swift */
			);
			name = Utilities;
			path = Utilities;
			sourceTree = "<group>";
		};
		0000000000000000004B121E /* Core */ = {
			isa = PBXGroup;
			children = (
				0000000000000000004B121F /* GameCoordinator.swift */,
				0000000000000000004B1221 /* GameState.swift */,
				0000000000000000004B1223 /* SceneRouter.swift */,
				0000000000000000004B1225 /* TimeService.swift */,
				0000000000000000004B1227 /* Math */,
				0000000000000000004B122E /* Utilities */
			);
			name = Core;
			path = Core;
			sourceTree = "<group>";
		};
		0000000000000000004B123C /* Models */ = {
			isa = PBXGroup;
			children = (
				0000000000000000004B123D /* LevelDefinition.swift */
			);
			name = Models;
			path = Models;
			sourceTree = "<group>";
		};
		0000000000000000004B1233 /* Data */ = {
			isa = PBXGroup;
			children = (
				0000000000000000004B1234 /* BalanceConfig.swift */,
				0000000000000000004B1236 /* GameSettings.swift */,
				0000000000000000004B1238 /* KIRConstants.swift */,
				0000000000000000004B123A /* SaveSystem.swift */,
				0000000000000000004B123C /* Models */
			);
			name = Data;
			path = Data;
			sourceTree = "<group>";
		};
		0000000000000000004B123F /* Debug */ = {
			isa = PBXGroup;
			children = (
				0000000000000000004B1240 /* DebugOverlay.swift */
			);
			name = Debug;
			path = Debug;
			sourceTree = "<group>";
		};
		0000000000000000004B1243 /* Camera */ = {
			isa = PBXGroup;
			children = (
				0000000000000000004B1244 /* CameraController.swift */
			);
			name = Camera;
			path = Camera;
			sourceTree = "<group>";
		};
		0000000000000000004B1246 /* Hazards */ = {
			isa = PBXGroup;
			children = (
				0000000000000000004B1247 /* EnvironmentalHazards.swift */,
				0000000000000000004B1249 /* PatrolDrone.swift */,
				0000000000000000004B124B /* PressureWave.swift */
			);
			name = Hazards;
			path = Hazards;
			sourceTree = "<group>";
		};
		0000000000000000004B124D /* Levels */ = {
			isa = PBXGroup;
			children = (
				0000000000000000004B124E /* CheckpointManager.swift */,
				0000000000000000004B1250 /* LevelLoader.swift */,
				0000000000000000004B1252 /* LevelManager.swift */,
				0000000000000000004B1254 /* TransitionManager.swift */
			);
			name = Levels;
			path = Levels;
			sourceTree = "<group>";
		};
		0000000000000000004B1256 /* Player */ = {
			isa = PBXGroup;
			children = (
				0000000000000000004B1257 /* PlayerAnimator.swift */,
				0000000000000000004B1259 /* PlayerController.swift */,
				0000000000000000004B125B /* PlayerInteraction.swift */,
				0000000000000000004B125D /* PlayerMovement.swift */,
				0000000000000000004B125F /* PlayerNode.swift */,
				0000000000000000004B1261 /* PlayerState.swift */
			);
			name = Player;
			path = Player;
			sourceTree = "<group>";
		};
		0000000000000000004B1263 /* Resonance */ = {
			isa = PBXGroup;
			children = (
				0000000000000000004B1264 /* ResonanceFrequency.swift */,
				0000000000000000004B1266 /* ResonancePulse.swift */,
				0000000000000000004B1268 /* ResonanceReactive.swift */,
				0000000000000000004B126A /* ResonanceSystem.swift */,
				0000000000000000004B126C /* ResonanceVisuals.swift */
			);
			name = Resonance;
			path = Resonance;
			sourceTree = "<group>";
		};
		0000000000000000004B126E /* Story */ = {
			isa = PBXGroup;
			children = (
				0000000000000000004B126F /* StoryBeatSystem.swift */
			);
			name = Story;
			path = Story;
			sourceTree = "<group>";
		};
		0000000000000000004B1271 /* World */ = {
			isa = PBXGroup;
			children = (
				0000000000000000004B1272 /* CheckpointBeacon.swift */,
				0000000000000000004B1274 /* CounterweightNode.swift */,
				0000000000000000004B1276 /* DoorNode.swift */,
				0000000000000000004B1278 /* InteractiveObject.swift */,
				0000000000000000004B127A /* LevelExitNode.swift */,
				0000000000000000004B127C /* MirrorNode.swift */,
				0000000000000000004B127E /* PlatformNode.swift */,
				0000000000000000004B1280 /* ReceiverNode.swift */,
				0000000000000000004B1282 /* ResonanceBridgeNode.swift */,
				0000000000000000004B1284 /* ValveNode.swift */,
				0000000000000000004B1286 /* WaterNode.swift */
			);
			name = World;
			path = World;
			sourceTree = "<group>";
		};
		0000000000000000004B1242 /* Gameplay */ = {
			isa = PBXGroup;
			children = (
				0000000000000000004B1243 /* Camera */,
				0000000000000000004B1246 /* Hazards */,
				0000000000000000004B124D /* Levels */,
				0000000000000000004B1256 /* Player */,
				0000000000000000004B1263 /* Resonance */,
				0000000000000000004B126E /* Story */,
				0000000000000000004B1271 /* World */
			);
			name = Gameplay;
			path = Gameplay;
			sourceTree = "<group>";
		};
		0000000000000000004B1288 /* Haptics */ = {
			isa = PBXGroup;
			children = (
				0000000000000000004B1289 /* HapticDirector.swift */
			);
			name = Haptics;
			path = Haptics;
			sourceTree = "<group>";
		};
		0000000000000000004B128B /* Input */ = {
			isa = PBXGroup;
			children = (
				0000000000000000004B128C /* InputState.swift */,
				0000000000000000004B128E /* KeyboardInput.swift */,
				0000000000000000004B1290 /* TouchControls.swift */
			);
			name = Input;
			path = Input;
			sourceTree = "<group>";
		};
		0000000000000000004B1296 /* Config */ = {
			isa = PBXGroup;
			children = (
				0000000000000000004B1297 /* GameplayBalance.json */
			);
			name = Config;
			path = Config;
			sourceTree = "<group>";
		};
		0000000000000000004B1299 /* Levels */ = {
			isa = PBXGroup;
			children = (
				0000000000000000004B129A /* L01_Arrival.json */,
				0000000000000000004B129C /* L02_Intake.json */,
				0000000000000000004B129E /* L03_BellowHall.json */,
				0000000000000000004B12A0 /* L04_OrchardEdge.json */,
				0000000000000000004B12A2 /* L05_CounterweightHouse.json */,
				0000000000000000004B12A4 /* L06_PressureGallery.json */,
				0000000000000000004B12A6 /* L07_FloodChamber.json */,
				0000000000000000004B12A8 /* L08_SiltTunnels.json */,
				0000000000000000004B12AA /* L09_MirrorBasin.json */,
				0000000000000000004B12AC /* L10_QuietEngine.json */
			);
			name = Levels;
			path = Levels;
			sourceTree = "<group>";
		};
		0000000000000000004B1292 /* Resources */ = {
			isa = PBXGroup;
			children = (
				0000000000000000004B1293 /* Assets.xcassets */,
				0000000000000000004B1295 /* Info.plist */,
				0000000000000000004B1296 /* Config */,
				0000000000000000004B1299 /* Levels */
			);
			name = Resources;
			path = Resources;
			sourceTree = "<group>";
		};
		0000000000000000004B12AE /* Scenes */ = {
			isa = PBXGroup;
			children = (
				0000000000000000004B12AF /* GameScene.swift */
			);
			name = Scenes;
			path = Scenes;
			sourceTree = "<group>";
		};
		0000000000000000004B12BE /* HUD */ = {
			isa = PBXGroup;
			children = (
				0000000000000000004B12BF /* HUDController.swift */
			);
			name = HUD;
			path = HUD;
			sourceTree = "<group>";
		};
		0000000000000000004B12B1 /* UI */ = {
			isa = PBXGroup;
			children = (
				0000000000000000004B12B2 /* ChapterCardScene.swift */,
				0000000000000000004B12B4 /* CreditsScene.swift */,
				0000000000000000004B12B6 /* EndingScene.swift */,
				0000000000000000004B12B8 /* MainMenuScene.swift */,
				0000000000000000004B12BA /* PauseOverlay.swift */,
				0000000000000000004B12BC /* SettingsOverlay.swift */,
				0000000000000000004B12BE /* HUD */
			);
			name = UI;
			path = UI;
			sourceTree = "<group>";
		};
		0000000000000000004B120F /* ProjectKIR */ = {
			isa = PBXGroup;
			children = (
				0000000000000000004B1210 /* App */,
				0000000000000000004B1217 /* Audio */,
				0000000000000000004B121E /* Core */,
				0000000000000000004B1233 /* Data */,
				0000000000000000004B123F /* Debug */,
				0000000000000000004B1242 /* Gameplay */,
				0000000000000000004B1288 /* Haptics */,
				0000000000000000004B128B /* Input */,
				0000000000000000004B1292 /* Resources */,
				0000000000000000004B12AE /* Scenes */,
				0000000000000000004B12B1 /* UI */
			);
			name = ProjectKIR;
			path = ProjectKIR;
			sourceTree = "<group>";
		};
		0000000000000000004B1203 /* Products */ = {
			isa = PBXGroup;
			children = (
				0000000000000000004B120A /* ProjectKIR.app */
			);
			name = Products;
			sourceTree = "<group>";
		};
		0000000000000000004B1202 /* Main group */ = {
			isa = PBXGroup;
			children = (
				0000000000000000004B120F /* ProjectKIR */,
				0000000000000000004B1203 /* Products */,
				0000000000000000004B12C1 /* README.md */,
				0000000000000000004B12C2 /* build.sh */,
				0000000000000000004B12C3 /* project.yml */,
				0000000000000000004B12C4 /* .gitignore */
			);
			sourceTree = "<group>";
		};
/* End PBXGroup section */

		0000000000000000004B1204 /* ProjectKIR */ = {
			isa = PBXNativeTarget;
			buildConfigurationList = 0000000000000000004B1205 /* Build configuration list for PBXNativeTarget "ProjectKIR" */;
			buildPhases = (
				0000000000000000004B1207 /* Sources */,
				0000000000000000004B1208 /* Frameworks */,
				0000000000000000004B1209 /* Resources */,
			);
			buildRules = (
			);
			dependencies = (
			);
			name = ProjectKIR;
			productName = ProjectKIR;
			productReference = 0000000000000000004B120A /* ProjectKIR.app */;
			productType = "com.apple.product-type.application";
		};

		0000000000000000004B1201 /* Project object */ = {
			isa = PBXProject;
			attributes = {
				BuildIndependentTargetsInParallel = 1;
				LastSwiftUpdateCheck = 1500;
				LastUpgradeCheck = 1500;
				TargetAttributes = {
					0000000000000000004B1204 = {
						CreatedOnToolsVersion = 15.0;
					};
				};
			};
			buildConfigurationList = 0000000000000000004B1206 /* Build configuration list for PBXProject "ProjectKIR" */;
			compatibilityVersion = "Xcode 14.0";
			developmentRegion = tr;
			hasScannedForEncodings = 0;
			knownRegions = (
				en,
			tr,
			);
			mainGroup = 0000000000000000004B1202;
			productRefGroup = 0000000000000000004B1203 /* Products */;
			projectDirPath = "";
			projectRoot = "";
			targets = (
				0000000000000000004B1204 /* ProjectKIR */,
			);
		};

		0000000000000000004B1207 /* Sources */ = {
			isa = PBXSourcesBuildPhase;
			buildActionMask = 2147483647;
			files = (
				0000000000000000004B1212 /* AppConfiguration.swift in Sources */,
				0000000000000000004B1214 /* AppDelegate.swift in Sources */,
				0000000000000000004B1216 /* GameViewController.swift in Sources */,
				0000000000000000004B1219 /* AudioBus.swift in Sources */,
				0000000000000000004B121B /* AudioDirector.swift in Sources */,
				0000000000000000004B121D /* ProceduralSFX.swift in Sources */,
				0000000000000000004B1220 /* GameCoordinator.swift in Sources */,
				0000000000000000004B1222 /* GameState.swift in Sources */,
				0000000000000000004B1224 /* SceneRouter.swift in Sources */,
				0000000000000000004B1226 /* TimeService.swift in Sources */,
				0000000000000000004B1229 /* Easing.swift in Sources */,
				0000000000000000004B122B /* Math2D.swift in Sources */,
				0000000000000000004B122D /* Noise.swift in Sources */,
				0000000000000000004B1230 /* Extensions.swift in Sources */,
				0000000000000000004B1232 /* Logger.swift in Sources */,
				0000000000000000004B1235 /* BalanceConfig.swift in Sources */,
				0000000000000000004B1237 /* GameSettings.swift in Sources */,
				0000000000000000004B1239 /* KIRConstants.swift in Sources */,
				0000000000000000004B123B /* SaveSystem.swift in Sources */,
				0000000000000000004B123E /* LevelDefinition.swift in Sources */,
				0000000000000000004B1241 /* DebugOverlay.swift in Sources */,
				0000000000000000004B1245 /* CameraController.swift in Sources */,
				0000000000000000004B1248 /* EnvironmentalHazards.swift in Sources */,
				0000000000000000004B124A /* PatrolDrone.swift in Sources */,
				0000000000000000004B124C /* PressureWave.swift in Sources */,
				0000000000000000004B124F /* CheckpointManager.swift in Sources */,
				0000000000000000004B1251 /* LevelLoader.swift in Sources */,
				0000000000000000004B1253 /* LevelManager.swift in Sources */,
				0000000000000000004B1255 /* TransitionManager.swift in Sources */,
				0000000000000000004B1258 /* PlayerAnimator.swift in Sources */,
				0000000000000000004B125A /* PlayerController.swift in Sources */,
				0000000000000000004B125C /* PlayerInteraction.swift in Sources */,
				0000000000000000004B125E /* PlayerMovement.swift in Sources */,
				0000000000000000004B1260 /* PlayerNode.swift in Sources */,
				0000000000000000004B1262 /* PlayerState.swift in Sources */,
				0000000000000000004B1265 /* ResonanceFrequency.swift in Sources */,
				0000000000000000004B1267 /* ResonancePulse.swift in Sources */,
				0000000000000000004B1269 /* ResonanceReactive.swift in Sources */,
				0000000000000000004B126B /* ResonanceSystem.swift in Sources */,
				0000000000000000004B126D /* ResonanceVisuals.swift in Sources */,
				0000000000000000004B1270 /* StoryBeatSystem.swift in Sources */,
				0000000000000000004B1273 /* CheckpointBeacon.swift in Sources */,
				0000000000000000004B1275 /* CounterweightNode.swift in Sources */,
				0000000000000000004B1277 /* DoorNode.swift in Sources */,
				0000000000000000004B1279 /* InteractiveObject.swift in Sources */,
				0000000000000000004B127B /* LevelExitNode.swift in Sources */,
				0000000000000000004B127D /* MirrorNode.swift in Sources */,
				0000000000000000004B127F /* PlatformNode.swift in Sources */,
				0000000000000000004B1281 /* ReceiverNode.swift in Sources */,
				0000000000000000004B1283 /* ResonanceBridgeNode.swift in Sources */,
				0000000000000000004B1285 /* ValveNode.swift in Sources */,
				0000000000000000004B1287 /* WaterNode.swift in Sources */,
				0000000000000000004B128A /* HapticDirector.swift in Sources */,
				0000000000000000004B128D /* InputState.swift in Sources */,
				0000000000000000004B128F /* KeyboardInput.swift in Sources */,
				0000000000000000004B1291 /* TouchControls.swift in Sources */,
				0000000000000000004B12B0 /* GameScene.swift in Sources */,
				0000000000000000004B12B3 /* ChapterCardScene.swift in Sources */,
				0000000000000000004B12B5 /* CreditsScene.swift in Sources */,
				0000000000000000004B12B7 /* EndingScene.swift in Sources */,
				0000000000000000004B12B9 /* MainMenuScene.swift in Sources */,
				0000000000000000004B12BB /* PauseOverlay.swift in Sources */,
				0000000000000000004B12BD /* SettingsOverlay.swift in Sources */,
				0000000000000000004B12C0 /* HUDController.swift in Sources */
			);
			runOnlyForDeploymentPostprocessing = 0;
		};

		0000000000000000004B1208 /* Frameworks */ = {
			isa = PBXFrameworksBuildPhase;
			buildActionMask = 2147483647;
			files = (
			);
			runOnlyForDeploymentPostprocessing = 0;
		};

		0000000000000000004B1209 /* Resources */ = {
			isa = PBXResourcesBuildPhase;
			buildActionMask = 2147483647;
			files = (
				0000000000000000004B1294 /* Assets.xcassets in Resources */,
				0000000000000000004B1298 /* GameplayBalance.json in Resources */,
				0000000000000000004B129B /* L01_Arrival.json in Resources */,
				0000000000000000004B129D /* L02_Intake.json in Resources */,
				0000000000000000004B129F /* L03_BellowHall.json in Resources */,
				0000000000000000004B12A1 /* L04_OrchardEdge.json in Resources */,
				0000000000000000004B12A3 /* L05_CounterweightHouse.json in Resources */,
				0000000000000000004B12A5 /* L06_PressureGallery.json in Resources */,
				0000000000000000004B12A7 /* L07_FloodChamber.json in Resources */,
				0000000000000000004B12A9 /* L08_SiltTunnels.json in Resources */,
				0000000000000000004B12AB /* L09_MirrorBasin.json in Resources */,
				0000000000000000004B12AD /* L10_QuietEngine.json in Resources */
			);
			runOnlyForDeploymentPostprocessing = 0;
		};

/* Begin XCBuildConfiguration section */
		0000000000000000004B120B /* Debug */ = {
			isa = XCBuildConfiguration;
			buildSettings = {
				ALWAYS_SEARCH_USER_PATHS = NO;
				CLANG_ENABLE_MODULES = YES;
				DEBUG_INFORMATION_FORMAT = dwarf;
				IPHONEOS_DEPLOYMENT_TARGET = 16.0;
				SDKROOT = iphoneos;
				SWIFT_OPTIMIZATION_LEVEL = -Onone;
				SWIFT_VERSION = 5.0;
			};
			name = Debug;
		};
		0000000000000000004B120C /* Release */ = {
			isa = XCBuildConfiguration;
			buildSettings = {
				ALWAYS_SEARCH_USER_PATHS = NO;
				CLANG_ENABLE_MODULES = YES;
				DEBUG_INFORMATION_FORMAT = dwarf-with-dsym;
				IPHONEOS_DEPLOYMENT_TARGET = 16.0;
				SDKROOT = iphoneos;
				SWIFT_OPTIMIZATION_LEVEL = -O;
				SWIFT_VERSION = 5.0;
			};
			name = Release;
		};
		0000000000000000004B120D /* Debug */ = {
			isa = XCBuildConfiguration;
			buildSettings = {
				ALWAYS_SEARCH_USER_PATHS = NO;
				ASSETCATALOG_COMPILER_APPICON_NAME = AppIcon;
				ASSETCATALOG_COMPILER_GLOBAL_ACCENT_COLOR_NAME = ;
				CLANG_ENABLE_MODULES = YES;
				CODE_SIGN_STYLE = Automatic;
				COPY_PHASE_STRIP = NO;
				CURRENT_PROJECT_VERSION = 1;
				DEBUG_INFORMATION_FORMAT = dwarf;
				DEVELOPMENT_ASSET_PATHS = "";
				ENABLE_PREVIEWS = NO;
				ENABLE_TESTABILITY = YES;
				GCC_OPTIMIZATION_LEVEL = 0;
				GENERATE_INFOPLIST_FILE = NO;
				INFOPLIST_FILE = ProjectKIR/Resources/Info.plist;
				IPHONEOS_DEPLOYMENT_TARGET = 16.0;
				LD_RUNPATH_SEARCH_PATHS = "$(inherited) @executable_path/Frameworks";
				MARKETING_VERSION = 0.1.0;
				PRODUCT_BUNDLE_IDENTIFIER = com.placeholder.projectkir;
				PRODUCT_NAME = "$(TARGET_NAME)";
				SDKROOT = iphoneos;
				SWIFT_ACTIVE_COMPILATION_CONDITIONS = DEBUG;
				SWIFT_EMIT_LOC_STRINGS = NO;
				SWIFT_OPTIMIZATION_LEVEL = -Onone;
				SWIFT_VERSION = 5.0;
				TARGETED_DEVICE_FAMILY = "1,2";
				VALIDATE_PRODUCT = NO;
			};
			name = Debug;
		};
		0000000000000000004B120E /* Release */ = {
			isa = XCBuildConfiguration;
			buildSettings = {
				ALWAYS_SEARCH_USER_PATHS = NO;
				ASSETCATALOG_COMPILER_APPICON_NAME = AppIcon;
				ASSETCATALOG_COMPILER_GLOBAL_ACCENT_COLOR_NAME = ;
				CODE_SIGN_STYLE = Automatic;
				COPY_PHASE_STRIP = NO;
				CURRENT_PROJECT_VERSION = 1;
				DEBUG_INFORMATION_FORMAT = dwarf-with-dsym;
				DEVELOPMENT_ASSET_PATHS = "";
				ENABLE_NS_ASSERTIONS = NO;
				ENABLE_PREVIEWS = NO;
				GENERATE_INFOPLIST_FILE = NO;
				INFOPLIST_FILE = ProjectKIR/Resources/Info.plist;
				IPHONEOS_DEPLOYMENT_TARGET = 16.0;
				LD_RUNPATH_SEARCH_PATHS = "$(inherited) @executable_path/Frameworks";
				MARKETING_VERSION = 0.1.0;
				PRODUCT_BUNDLE_IDENTIFIER = com.placeholder.projectkir;
				PRODUCT_NAME = "$(TARGET_NAME)";
				SDKROOT = iphoneos;
				SWIFT_COMPILATION_MODE = wholemodule;
				SWIFT_EMIT_LOC_STRINGS = NO;
				SWIFT_OPTIMIZATION_LEVEL = -O;
				SWIFT_VERSION = 5.0;
				TARGETED_DEVICE_FAMILY = "1,2";
				VALIDATE_PRODUCT = YES;
			};
			name = Release;
		};
/* End XCBuildConfiguration section */

		0000000000000000004B1206 /* Build configuration list for PBXProject "ProjectKIR" */ = {
			isa = XCConfigurationList;
			buildConfigurations = (
				0000000000000000004B120B /* Debug */,
				0000000000000000004B120C /* Release */,
			);
			defaultConfigurationIsVisible = 0;
			defaultConfigurationName = Release;
		};
		0000000000000000004B1205 /* Build configuration list for PBXNativeTarget "ProjectKIR" */ = {
			isa = XCConfigurationList;
			buildConfigurations = (
				0000000000000000004B120D /* Debug */,
				0000000000000000004B120E /* Release */,
			);
			defaultConfigurationIsVisible = 0;
			defaultConfigurationName = Release;
		};
	};
	rootObject = 0000000000000000004B1201 /* Project object */;
}
